
Microsoft Visual Studio Solution File, Format Version 12.00
# Visual Studio Version 16
VisualStudioVersion = 16.0.31019.35
MinimumVisualStudioVersion = 10.0.40219.1
Project("{9A19103F-16F7-4668-BE54-9A1E7A4F7556}") = "InitProperties.Generator", "InitProperties.Generator\InitProperties.Generator.csproj", "{B35D800A-96A9-42F7-B91C-6B861A71D757}"
EndProject
Project("{9A19103F-16F7-4668-BE54-9A1E7A4F7556}") = "InitProperties.Reflection", "InitProperties.Reflection\InitProperties.Reflection.csproj", "{2D3A85EB-FE42-4C2D-9A42-DD8ED3CD9671}"
EndProject
Project("{FAE04EC0-301F-11D3-BF4B-00C04F79EFBC}") = "Example", "Example\Example.csproj", "{C8A3368B-B955-46F7-BCC3-CCE784D0DFF6}"
EndProject
Global
	GlobalSection(SolutionConfigurationPlatforms) = preSolution
		Debug|Any CPU = Debug|Any CPU
		Release|Any CPU = Release|Any CPU
	EndGlobalSection
	GlobalSection(ProjectConfigurationPlatforms) = postSolution
		{B35D800A-96A9-42F7-B91C-6B861A71D757}.Debug|Any CPU.ActiveCfg = Debug|Any CPU
		{B35D800A-96A9-42F7-B91C-6B861A71D757}.Debug|Any CPU.Build.0 = Debug|Any CPU
		{B35D800A-96A9-42F7-B91C-6B861A71D757}.Release|Any CPU.ActiveCfg = Release|Any CPU
		{B35D800A-96A9-42F7-B91C-6B861A71D757}.Release|Any CPU.Build.0 = Release|Any CPU
		{2D3A85EB-FE42-4C2D-9A42-DD8ED3CD9671}.Debug|Any CPU.ActiveCfg = Debug|Any CPU
		{2D3A85EB-FE42-4C2D-9A42-DD8ED3CD9671}.Debug|Any CPU.Build.0 = Debug|Any CPU
		{2D3A85EB-FE42-4C2D-9A42-DD8ED3CD9671}.Release|Any CPU.ActiveCfg = Release|Any CPU
		{2D3A85EB-FE42-4C2D-9A42-DD8ED3CD9671}.Release|Any CPU.Build.0 = Release|Any CPU
		{C8A3368B-B955-46F7-BCC3-CCE784D0DFF6}.Debug|Any CPU.ActiveCfg = Debug|Any CPU
		{C8A3368B-B955-46F7-BCC3-CCE784D0DFF6}.Debug|Any CPU.Build.0 = Debug|Any CPU
		{C8A3368B-B955-46F7-BCC3-CCE784D0DFF6}.Release|Any CPU.ActiveCfg = Release|Any CPU
		{C8A3368B-B955-46F7-BCC3-CCE784D0DFF6}.Release|Any CPU.Build.0 = Release|Any CPU
	EndGlobalSection
	GlobalSection(SolutionProperties) = preSolution
		HideSolutionNode = FALSE
	EndGlobalSection
	GlobalSection(ExtensibilityGlobals) = postSolution
		SolutionGuid = {0EEB1160-7970-4E35-A5FB-75F42BD4F9C4}
	EndGlobalSection
EndGlobal
